
Microsoft Visual Studio Solution File, Format Version 12.00
# Visual Studio Version 16
VisualStudioVersion = 16.0.31702.278
MinimumVisualStudioVersion = 10.0.40219.1
Project("{FAE04EC0-301F-11D3-BF4B-00C04F79EFBC}") = "BDUsuarios-Practica", "BDUsuarios-Practica.csproj", "{883FCB7B-1461-4848-B92F-12F8BF8D98D9}"
EndProject
Global
	GlobalSection(SolutionConfigurationPlatforms) = preSolution
		Debug|Any CPU = Debug|Any CPU
		Release|Any CPU = Release|Any CPU
	EndGlobalSection
	GlobalSection(ProjectConfigurationPlatforms) = postSolution
		{883FCB7B-1461-4848-B92F-12F8BF8D98D9}.Debug|Any CPU.ActiveCfg = Debug|Any CPU
		{883FCB7B-1461-4848-B92F-12F8BF8D98D9}.Debug|Any CPU.Build.0 = Debug|Any CPU
		{883FCB7B-1461-4848-B92F-12F8BF8D98D9}.Release|Any CPU.ActiveCfg = Release|Any CPU
		{883FCB7B-1461-4848-B92F-12F8BF8D98D9}.Release|Any CPU.Build.0 = Release|Any CPU
	EndGlobalSection
	GlobalSection(SolutionProperties) = preSolution
		HideSolutionNode = FALSE
	EndGlobalSection
	GlobalSection(ExtensibilityGlobals) = postSolution
		SolutionGuid = {52FE42EA-4D1E-4322-BB80-1A27151DF560}
	EndGlobalSection
EndGlobal
